github.com/tardevnull/ldapstrprep v0.0.0-20240302062337-f013461de402 h1:fIW6hl96tC1s5cE2/LrCxdgLAijS2YFCpSQdK8IzYdw=
github.com/tardevnull/ldapstrprep v0.0.0-20240302062337-f013461de402/go.mod h1:QK2enCH+wjOBAzA0H1d9rUtPQvlGh4BmCSliW8sOOVk=
golang.org/x/text v0.14.0 h1:ScX5w1eTa3QqT8oi6+ziP7dTV1S2+ALU0bI+0zXKWiQ=
golang.org/x/text v0.14.0/go.mod h1:18ZOQIKpY8NJVqYksKHtTdi31H5itFRjB5/qKTNYzSU=
